
Microsoft Visual Studio Solution File, Format Version 12.00
# Visual Studio Version 16
VisualStudioVersion = 16.0.29306.81
MinimumVisualStudioVersion = 10.0.40219.1
Project("{FAE04EC0-301F-11D3-BF4B-00C04F79EFBC}") = "DATABANK", "DATABANK\DATABANK.csproj", "{D293ADAE-6D4F-41B5-8480-A2C73B722D0E}"
EndProject
Global
	GlobalSection(SolutionConfigurationPlatforms) = preSolution
		Debug|Any CPU = Debug|Any CPU
		Release|Any CPU = Release|Any CPU
	EndGlobalSection
	GlobalSection(ProjectConfigurationPlatforms) = postSolution
		{D293ADAE-6D4F-41B5-8480-A2C73B722D0E}.Debug|Any CPU.ActiveCfg = Debug|Any CPU
		{D293ADAE-6D4F-41B5-8480-A2C73B722D0E}.Debug|Any CPU.Build.0 = Debug|Any CPU
		{D293ADAE-6D4F-41B5-8480-A2C73B722D0E}.Release|Any CPU.ActiveCfg = Release|Any CPU
		{D293ADAE-6D4F-41B5-8480-A2C73B722D0E}.Release|Any CPU.Build.0 = Release|Any CPU
	EndGlobalSection
	GlobalSection(SolutionProperties) = preSolution
		HideSolutionNode = FALSE
	EndGlobalSection
	GlobalSection(ExtensibilityGlobals) = postSolution
		SolutionGuid = {5D059A3D-83D6-4910-B5A9-0D0F4E68A152}
	EndGlobalSection
EndGlobal
